id: flex6k_flex6k_configuration
label: flex6k_configuration
category: '[flex6k]'

templates:
  imports: import flex6k
  make: flex6k.flex6k_configuration(${longName}, ${shortName}, ${address}, ${enum_tsMode.value}, ${enum_SampRate.value},
        ${autostart},${autostart_txAnt},${autostart_rxAnt},${autostart_freq})

#  Make one 'parameters' list entry for every parameter you want settable from the GUI.
#     Keys include:
#     * id (makes the value accessible as \$keyname, e.g. in the make entry)
#     * label (label shown in the GUI)
#     * dtype (e.g. int, float, complex, byte, short, xxx_vector, ...)
parameters:
- id: longName
  label: Waveform long name
  dtype: string
  default: "GNR Transmitter"
  # optional: 0
- id: shortName
  label: Waveform short name
  dtype: string
  default: "GNUT"
  # optional: 0
- id: address
  label: IP Address and Port
  dtype: string
  default: "0.0.0.0:32787"

- id: enum_tsMode
  label: Timestamp Mode
  dtype: enum
  default: 'PC'
  options:  ['PC', 'Radio']
  option_labels: ['PC', 'Radio']
  option_attributes:
    value: [0, 1]

- id: enum_SampRate
  label: IQ Data Sample Rate
  dtype: enum
  default: '24000'
  options:  ['24000']
  option_labels: ['24000']
  option_attributes:
    value: [0]

- id: autostart
  label: autostart
  dtype: bool
  default: 'False'
  options: ['True', 'False']
  option_labels: ['True', 'False']

- id: autostart_txAnt
  label: autostart_txAnt ("" is dont set)
  dtype: string
  default: "XVTA"

- id: autostart_rxAnt
  label: autostart_rxAnt ("" is dont set)
  dtype: string
  default: "RX_A"


- id: autostart_freq
  label: autostart_freq (0 is dont set)
  dtype: float
  default: 10

#  Make one 'inputs' list entry per input and one 'outputs' list entry per output.
#  Keys include:
#      * label (an identifier for the GUI)
#      * domain (optional - stream or message. Default is stream)
#      * dtype (e.g. int, float, complex, byte, short, xxx_vector, ...)
#      * vlen (optional - data stream vector length. Default is 1)
#      * optional (optional - set to 1 for optional inputs. Default is 0)

#  'file_format' specifies the version of the GRC yml format used in the file
#  and should usually not be changed.
file_format: 1
